
Microsoft Visual Studio Solution File, Format Version 12.00
# Visual Studio 14
VisualStudioVersion = 14.0.25420.1
MinimumVisualStudioVersion = 10.0.40219.1
Project("{FAE04EC0-301F-11D3-BF4B-00C04F79EFBC}") = "numberSys", "numberSys\numberSys.csproj", "{341BBF3F-4335-4CBC-BE9E-547351A58F2C}"
EndProject
Project("{FAE04EC0-301F-11D3-BF4B-00C04F79EFBC}") = "Bright Idea 1", "Bright Idea 1\Bright Idea 1.csproj", "{D019A4E9-D982-4595-ACEA-B1B2C0A46F0F}"
EndProject
Global
	GlobalSection(SolutionConfigurationPlatforms) = preSolution
		Debug|Any CPU = Debug|Any CPU
		Release|Any CPU = Release|Any CPU
	EndGlobalSection
	GlobalSection(ProjectConfigurationPlatforms) = postSolution
		{341BBF3F-4335-4CBC-BE9E-547351A58F2C}.Debug|Any CPU.ActiveCfg = Debug|Any CPU
		{341BBF3F-4335-4CBC-BE9E-547351A58F2C}.Debug|Any CPU.Build.0 = Debug|Any CPU
		{341BBF3F-4335-4CBC-BE9E-547351A58F2C}.Release|Any CPU.ActiveCfg = Release|Any CPU
		{341BBF3F-4335-4CBC-BE9E-547351A58F2C}.Release|Any CPU.Build.0 = Release|Any CPU
		{D019A4E9-D982-4595-ACEA-B1B2C0A46F0F}.Debug|Any CPU.ActiveCfg = Debug|Any CPU
		{D019A4E9-D982-4595-ACEA-B1B2C0A46F0F}.Debug|Any CPU.Build.0 = Debug|Any CPU
		{D019A4E9-D982-4595-ACEA-B1B2C0A46F0F}.Release|Any CPU.ActiveCfg = Release|Any CPU
		{D019A4E9-D982-4595-ACEA-B1B2C0A46F0F}.Release|Any CPU.Build.0 = Release|Any CPU
	EndGlobalSection
	GlobalSection(SolutionProperties) = preSolution
		HideSolutionNode = FALSE
	EndGlobalSection
EndGlobal
